// !$*UTF8*$!
{
	archiveVersion = 1;
	classes = {
	};
	objectVersion = 46;
	objects = {

/* Begin PBXBuildFile section */
		2B48813D1EF6056B0098BA0F /* AppDelegate.swift in Sources */ = {isa = PBXBuildFile; fileRef = 2B48813C1EF6056B0098BA0F /* AppDelegate.swift */; };
		2B48813F1EF6056B0098BA0F /* ViewController.swift in Sources */ = {isa = PBXBuildFile; fileRef = 2B48813E1EF6056B0098BA0F /* ViewController.swift */; };
		2B4881421EF6056B0098BA0F /* Main.storyboard in Resources */ = {isa = PBXBuildFile; fileRef = 2B4881401EF6056B0098BA0F /* Main.storyboard */; };
		2B4881441EF6056B0098BA0F /* Assets.xcassets in Resources */ = {isa = PBXBuildFile; fileRef = 2B4881431EF6056B0098BA0F /* Assets.xcassets */; };
		2B4881471EF6056B0098BA0F /* LaunchScreen.storyboard in Resources */ = {isa = PBXBuildFile; fileRef = 2B4881451EF6056B0098BA0F /* LaunchScreen.storyboard */; };
		2B4881521EF6056B0098BA0F /* MultiplePickerViewTestTests.swift in Sources */ = {isa = PBXBuildFile; fileRef = 2B4881511EF6056B0098BA0F /* MultiplePickerViewTestTests.swift */; };
		2B48815D1EF6056B0098BA0F /* MultiplePickerViewTestUITests.swift in Sources */ = {isa = PBXBuildFile; fileRef = 2B48815C1EF6056B0098BA0F /* MultiplePickerViewTestUITests.swift */; };
		2B48816B1EF608910098BA0F /* OnePickerViewController.swift in Sources */ = {isa = PBXBuildFile; fileRef = 2B48816A1EF608910098BA0F /* OnePickerViewController.swift */; };
		2B48816D1EF6089D0098BA0F /* TwoPickerViewController.swift in Sources */ = {isa = PBXBuildFile; fileRef = 2B48816C1EF6089D0098BA0F /* TwoPickerViewController.swift */; };
		2B48816F1EF608AB0098BA0F /* ThreePickerViewController.swift in Sources */ = {isa = PBXBuildFile; fileRef = 2B48816E1EF608AB0098BA0F /* ThreePickerViewController.swift */; };
/* End PBXBuildFile section */

/* Begin PBXContainerItemProxy section */
		2B48814E1EF6056B0098BA0F /* PBXContainerItemProxy */ = {
			isa = PBXContainerItemProxy;
			containerPortal = 2B4881311EF6056B0098BA0F /* Project object */;
			proxyType = 1;
			remoteGlobalIDString = 2B4881381EF6056B0098BA0F;
			remoteInfo = MultiplePickerViewTest;
		};
		2B4881591EF6056B0098BA0F /* PBXContainerItemProxy */ = {
			isa = PBXContainerItemProxy;
			containerPortal = 2B4881311EF6056B0098BA0F /* Project object */;
			proxyType = 1;
			remoteGlobalIDString = 2B4881381EF6056B0098BA0F;
			remoteInfo = MultiplePickerViewTest;
		};
/* End PBXContainerItemProxy section */

/* Begin PBXFileReference section */
		2B4881391EF6056B0098BA0F /* MultiplePickerViewTest.app */ = {isa = PBXFileReference; explicitFileType = wrapper.application; includeInIndex = 0; path = MultiplePickerViewTest.app; sourceTree = BUILT_PRODUCTS_DIR; };
		2B48813C1EF6056B0098BA0F /* AppDelegate.swift */ = {isa = PBXFileReference; lastKnownFileType = sourcecode.swift; path = AppDelegate.swift; sourceTree = "<group>"; };
		2B48813E1EF6056B0098BA0F /* ViewController.swift */ = {isa = PBXFileReference; lastKnownFileType = sourcecode.swift; path = ViewController.swift; sourceTree = "<group>"; };
		2B4881411EF6056B0098BA0F /* Base */ = {isa = PBXFileReference; lastKnownFileType = file.storyboard; name = Base; path = Base.lproj/Main.storyboard; sourceTree = "<group>"; };
		2B4881431EF6056B0098BA0F /* Assets.xcassets */ = {isa = PBXFileReference; lastKnownFileType = folder.assetcatalog; path = Assets.xcassets; sourceTree = "<group>"; };
		2B4881461EF6056B0098BA0F /* Base */ = {isa = PBXFileReference; lastKnownFileType = file.storyboard; name = Base; path = Base.lproj/LaunchScreen.storyboard; sourceTree = "<group>"; };
		2B4881481EF6056B0098BA0F /* Info.plist */ = {isa = PBXFileReference; lastKnownFileType = text.plist.xml; path = Info.plist; sourceTree = "<group>"; };
		2B48814D1EF6056B0098BA0F /* MultiplePickerViewTestTests.xctest */ = {isa = PBXFileReference; explicitFileType = wrapper.cfbundle; includeInIndex = 0; path = MultiplePickerViewTestTests.xctest; sourceTree = BUILT_PRODUCTS_DIR; };
		2B4881511EF6056B0098BA0F /* MultiplePickerViewTestTests.swift */ = {isa = PBXFileReference; lastKnownFileType = sourcecode.swift; path = MultiplePickerViewTestTests.swift; sourceTree = "<group>"; };
		2B4881531EF6056B0098BA0F /* Info.plist */ = {isa = PBXFileReference; lastKnownFileType = text.plist.xml; path = Info.plist; sourceTree = "<group>"; };
		2B4881581EF6056B0098BA0F /* MultiplePickerViewTestUITests.xctest */ = {isa = PBXFileReference; explicitFileType = wrapper.cfbundle; includeInIndex = 0; path = MultiplePickerViewTestUITests.xctest; sourceTree = BUILT_PRODUCTS_DIR; };
		2B48815C1EF6056B0098BA0F /* MultiplePickerViewTestUITests.swift */ = {isa = PBXFileReference; lastKnownFileType = sourcecode.swift; path = MultiplePickerViewTestUITests.swift; sourceTree = "<group>"; };
		2B48815E1EF6056B0098BA0F /* Info.plist */ = {isa = PBXFileReference; lastKnownFileType = text.plist.xml; path = Info.plist; sourceTree = "<group>"; };
		2B48816A1EF608910098BA0F /* OnePickerViewController.swift */ = {isa = PBXFileReference; fileEncoding = 4; lastKnownFileType = sourcecode.swift; path = OnePickerViewController.swift; sourceTree = "<group>"; };
		2B48816C1EF6089D0098BA0F /* TwoPickerViewController.swift */ = {isa = PBXFileReference; fileEncoding = 4; lastKnownFileType = sourcecode.swift; path = TwoPickerViewController.swift; sourceTree = "<group>"; };
		2B48816E1EF608AB0098BA0F /* ThreePickerViewController.swift */ = {isa = PBXFileReference; fileEncoding = 4; lastKnownFileType = sourcecode.swift; path = ThreePickerViewController.swift; sourceTree = "<group>"; };
/* End PBXFileReference section */

/* Begin PBXFrameworksBuildPhase section */
		2B4881361EF6056B0098BA0F /* Frameworks */ = {
			isa = PBXFrameworksBuildPhase;
			buildActionMask = 2147483647;
			files = (
			);
			runOnlyForDeploymentPostprocessing = 0;
		};
		2B48814A1EF6056B0098BA0F /* Frameworks */ = {
			isa = PBXFrameworksBuildPhase;
			buildActionMask = 2147483647;
			files = (
			);
			runOnlyForDeploymentPostprocessing = 0;
		};
		2B4881551EF6056B0098BA0F /* Frameworks */ = {
			isa = PBXFrameworksBuildPhase;
			buildActionMask = 2147483647;
			files = (
			);
			runOnlyForDeploymentPostprocessing = 0;
		};
/* End PBXFrameworksBuildPhase section */

/* Begin PBXGroup section */
		2B4881301EF6056B0098BA0F = {
			isa = PBXGroup;
			children = (
				2B48813B1EF6056B0098BA0F /* MultiplePickerViewTest */,
				2B4881501EF6056B0098BA0F /* MultiplePickerViewTestTests */,
				2B48815B1EF6056B0098BA0F /* MultiplePickerViewTestUITests */,
				2B48813A1EF6056B0098BA0F /* Products */,
			);
			sourceTree = "<group>";
		};
		2B48813A1EF6056B0098BA0F /* Products */ = {
			isa = PBXGroup;
			children = (
				2B4881391EF6056B0098BA0F /* MultiplePickerViewTest.app */,
				2B48814D1EF6056B0098BA0F /* MultiplePickerViewTestTests.xctest */,
				2B4881581EF6056B0098BA0F /* MultiplePickerViewTestUITests.xctest */,
			);
			name = Products;
			sourceTree = "<group>";
		};
		2B48813B1EF6056B0098BA0F /* MultiplePickerViewTest */ = {
			isa = PBXGroup;
			children = (
				2B48813C1EF6056B0098BA0F /* AppDelegate.swift */,
				2B48813E1EF6056B0098BA0F /* ViewController.swift */,
				2B48816A1EF608910098BA0F /* OnePickerViewController.swift */,
				2B48816C1EF6089D0098BA0F /* TwoPickerViewController.swift */,
				2B48816E1EF608AB0098BA0F /* ThreePickerViewController.swift */,
				2B4881401EF6056B0098BA0F /* Main.storyboard */,
				2B4881431EF6056B0098BA0F /* Assets.xcassets */,
				2B4881451EF6056B0098BA0F /* LaunchScreen.storyboard */,
				2B4881481EF6056B0098BA0F /* Info.plist */,
			);
			path = MultiplePickerViewTest;
			sourceTree = "<group>";
		};
		2B4881501EF6056B0098BA0F /* MultiplePickerViewTestTests */ = {
			isa = PBXGroup;
			children = (
				2B4881511EF6056B0098BA0F /* MultiplePickerViewTestTests.swift */,
				2B4881531EF6056B0098BA0F /* Info.plist */,
			);
			path = MultiplePickerViewTestTests;
			sourceTree = "<group>";
		};
		2B48815B1EF6056B0098BA0F /* MultiplePickerViewTestUITests */ = {
			isa = PBXGroup;
			children = (
				2B48815C1EF6056B0098BA0F /* MultiplePickerViewTestUITests.swift */,
				2B48815E1EF6056B0098BA0F /* Info.plist */,
			);
			path = MultiplePickerViewTestUITests;
			sourceTree = "<group>";
		};
/* End PBXGroup section */

/* Begin PBXNativeTarget section */
		2B4881381EF6056B0098BA0F /* MultiplePickerViewTest */ = {
			isa = PBXNativeTarget;
			buildConfigurationList = 2B4881611EF6056B0098BA0F /* Build configuration list for PBXNativeTarget "MultiplePickerViewTest" */;
			buildPhases = (
				2B4881351EF6056B0098BA0F /* Sources */,
				2B4881361EF6056B0098BA0F /* Frameworks */,
				2B4881371EF6056B0098BA0F /* Resources */,
			);
			buildRules = (
			);
			dependencies = (
			);
			name = MultiplePickerViewTest;
			productName = MultiplePickerViewTest;
			productReference = 2B4881391EF6056B0098BA0F /* MultiplePickerViewTest.app */;
			productType = "com.apple.product-type.application";
		};
		2B48814C1EF6056B0098BA0F /* MultiplePickerViewTestTests */ = {
			isa = PBXNativeTarget;
			buildConfigurationList = 2B4881641EF6056B0098BA0F /* Build configuration list for PBXNativeTarget "MultiplePickerViewTestTests" */;
			buildPhases = (
				2B4881491EF6056B0098BA0F /* Sources */,
				2B48814A1EF6056B0098BA0F /* Frameworks */,
				2B48814B1EF6056B0098BA0F /* Resources */,
			);
			buildRules = (
			);
			dependencies = (
				2B48814F1EF6056B0098BA0F /* PBXTargetDependency */,
			);
			name = MultiplePickerViewTestTests;
			productName = MultiplePickerViewTestTests;
			productReference = 2B48814D1EF6056B0098BA0F /* MultiplePickerViewTestTests.xctest */;
			productType = "com.apple.product-type.bundle.unit-test";
		};
		2B4881571EF6056B0098BA0F /* MultiplePickerViewTestUITests */ = {
			isa = PBXNativeTarget;
			buildConfigurationList = 2B4881671EF6056B0098BA0F /* Build configuration list for PBXNativeTarget "MultiplePickerViewTestUITests" */;
			buildPhases = (
				2B4881541EF6056B0098BA0F /* Sources */,
				2B4881551EF6056B0098BA0F /* Frameworks */,
				2B4881561EF6056B0098BA0F /* Resources */,
			);
			buildRules = (
			);
			dependencies = (
				2B48815A1EF6056B0098BA0F /* PBXTargetDependency */,
			);
			name = MultiplePickerViewTestUITests;
			productName = MultiplePickerViewTestUITests;
			productReference = 2B4881581EF6056B0098BA0F /* MultiplePickerViewTestUITests.xctest */;
			productType = "com.apple.product-type.bundle.ui-testing";
		};
/* End PBXNativeTarget section */

/* Begin PBXProject section */
		2B4881311EF6056B0098BA0F /* Project object */ = {
			isa = PBXProject;
			attributes = {
				LastSwiftUpdateCheck = 0830;
				LastUpgradeCheck = 0830;
				ORGANIZATIONNAME = terryyamg;
				TargetAttributes = {
					2B4881381EF6056B0098BA0F = {
						CreatedOnToolsVersion = 8.3.3;
						ProvisioningStyle = Automatic;
					};
					2B48814C1EF6056B0098BA0F = {
						CreatedOnToolsVersion = 8.3.3;
						ProvisioningStyle = Automatic;
						TestTargetID = 2B4881381EF6056B0098BA0F;
					};
					2B4881571EF6056B0098BA0F = {
						CreatedOnToolsVersion = 8.3.3;
						ProvisioningStyle = Automatic;
						TestTargetID = 2B4881381EF6056B0098BA0F;
					};
				};
			};
			buildConfigurationList = 2B4881341EF6056B0098BA0F /* Build configuration list for PBXProject "MultiplePickerViewTest" */;
			compatibilityVersion = "Xcode 3.2";
			developmentRegion = English;
			hasScannedForEncodings = 0;
			knownRegions = (
				en,
				Base,
			);
			mainGroup = 2B4881301EF6056B0098BA0F;
			productRefGroup = 2B48813A1EF6056B0098BA0F /* Products */;
			projectDirPath = "";
			projectRoot = "";
			targets = (
				2B4881381EF6056B0098BA0F /* MultiplePickerViewTest */,
				2B48814C1EF6056B0098BA0F /* MultiplePickerViewTestTests */,
				2B4881571EF6056B0098BA0F /* MultiplePickerViewTestUITests */,
			);
		};
/* End PBXProject section */

/* Begin PBXResourcesBuildPhase section */
		2B4881371EF6056B0098BA0F /* Resources */ = {
			isa = PBXResourcesBuildPhase;
			buildActionMask = 2147483647;
			files = (
				2B4881471EF6056B0098BA0F /* LaunchScreen.storyboard in Resources */,
				2B4881441EF6056B0098BA0F /* Assets.xcassets in Resources */,
				2B4881421EF6056B0098BA0F /* Main.storyboard in Resources */,
			);
			runOnlyForDeploymentPostprocessing = 0;
		};
		2B48814B1EF6056B0098BA0F /* Resources */ = {
			isa = PBXResourcesBuildPhase;
			buildActionMask = 2147483647;
			files = (
			);
			runOnlyForDeploymentPostprocessing = 0;
		};
		2B4881561EF6056B0098BA0F /* Resources */ = {
			isa = PBXResourcesBuildPhase;
			buildActionMask = 2147483647;
			files = (
			);
			runOnlyForDeploymentPostprocessing = 0;
		};
/* End PBXResourcesBuildPhase section */

/* Begin PBXSourcesBuildPhase section */
		2B4881351EF6056B0098BA0F /* Sources */ = {
			isa = PBXSourcesBuildPhase;
			buildActionMask = 2147483647;
			files = (
				2B48816B1EF608910098BA0F /* OnePickerViewController.swift in Sources */,
				2B48816F1EF608AB0098BA0F /* ThreePickerViewController.swift in Sources */,
				2B48813F1EF6056B0098BA0F /* ViewController.swift in Sources */,
				2B48813D1EF6056B0098BA0F /* AppDelegate.swift in Sources */,
				2B48816D1EF6089D0098BA0F /* TwoPickerViewController.swift in Sources */,
			);
			runOnlyForDeploymentPostprocessing = 0;
		};
		2B4881491EF6056B0098BA0F /* Sources */ = {
			isa = PBXSourcesBuildPhase;
			buildActionMask = 2147483647;
			files = (
				2B4881521EF6056B0098BA0F /* MultiplePickerViewTestTests.swift in Sources */,
			);
			runOnlyForDeploymentPostprocessing = 0;
		};
		2B4881541EF6056B0098BA0F /* Sources */ = {
			isa = PBXSourcesBuildPhase;
			buildActionMask = 2147483647;
			files = (
				2B48815D1EF6056B0098BA0F /* MultiplePickerViewTestUITests.swift in Sources */,
			);
			runOnlyForDeploymentPostprocessing = 0;
		};
/* End PBXSourcesBuildPhase section */

/* Begin PBXTargetDependency section */
		2B48814F1EF6056B0098BA0F /* PBXTargetDependency */ = {
			isa = PBXTargetDependency;
			target = 2B4881381EF6056B0098BA0F /* MultiplePickerViewTest */;
			targetProxy = 2B48814E1EF6056B0098BA0F /* PBXContainerItemProxy */;
		};
		2B48815A1EF6056B0098BA0F /* PBXTargetDependency */ = {
			isa = PBXTargetDependency;
			target = 2B4881381EF6056B0098BA0F /* MultiplePickerViewTest */;
			targetProxy = 2B4881591EF6056B0098BA0F /* PBXContainerItemProxy */;
		};
/* End PBXTargetDependency section */

/* Begin PBXVariantGroup section */
		2B4881401EF6056B0098BA0F /* Main.storyboard */ = {
			isa = PBXVariantGroup;
			children = (
				2B4881411EF6056B0098BA0F /* Base */,
			);
			name = Main.storyboard;
			sourceTree = "<group>";
		};
		2B4881451EF6056B0098BA0F /* LaunchScreen.storyboard */ = {
			isa = PBXVariantGroup;
			children = (
				2B4881461EF6056B0098BA0F /* Base */,
			);
			name = LaunchScreen.storyboard;
			sourceTree = "<group>";
		};
/* End PBXVariantGroup section */

/* Begin XCBuildConfiguration section */
		2B48815F1EF6056B0098BA0F /* Debug */ = {
			isa = XCBuildConfiguration;
			buildSettings = {
				ALWAYS_SEARCH_USER_PATHS = NO;
				CLANG_ANALYZER_NONNULL = YES;
				CLANG_ANALYZER_NUMBER_OBJECT_CONVERSION = YES_AGGRESSIVE;
				CLANG_CXX_LANGUAGE_STANDARD = "gnu++0x";
				CLANG_CXX_LIBRARY = "libc++";
				CLANG_ENABLE_MODULES = YES;
				CLANG_ENABLE_OBJC_ARC = YES;
				CLANG_WARN_BOOL_CONVERSION = YES;
				CLANG_WARN_CONSTANT_CONVERSION = YES;
				CLANG_WARN_DIRECT_OBJC_ISA_USAGE = YES_ERROR;
				CLANG_WARN_DOCUMENTATION_COMMENTS = YES;
				CLANG_WARN_EMPTY_BODY = YES;
				CLANG_WARN_ENUM_CONVERSION = YES;
				CLANG_WARN_INFINITE_RECURSION = YES;
				CLANG_WARN_INT_CONVERSION = YES;
				CLANG_WARN_OBJC_ROOT_CLASS = YES_ERROR;
				CLANG_WARN_SUSPICIOUS_MOVE = YES;
				CLANG_WARN_UNREACHABLE_CODE = YES;
				CLANG_WARN__DUPLICATE_METHOD_MATCH = YES;
				"CODE_SIGN_IDENTITY[sdk=iphoneos*]" = "iPhone Developer";
				COPY_PHASE_STRIP = NO;
				DEBUG_INFORMATION_FORMAT = dwarf;
				ENABLE_STRICT_OBJC_MSGSEND = YES;
				ENABLE_TESTABILITY = YES;
				GCC_C_LANGUAGE_STANDARD = gnu99;
				GCC_DYNAMIC_NO_PIC = NO;
				GCC_NO_COMMON_BLOCKS = YES;
				GCC_OPTIMIZATION_LEVEL = 0;
				GCC_PREPROCESSOR_DEFINITIONS = (
					"DEBUG=1",
					"$(inherited)",
				);
				GCC_WARN_64_TO_32_BIT_CONVERSION = YES;
				GCC_WARN_ABOUT_RETURN_TYPE = YES_ERROR;
				GCC_WARN_UNDECLARED_SELECTOR = YES;
				GCC_WARN_UNINITIALIZED_AUTOS = YES_AGGRESSIVE;
				GCC_WARN_UNUSED_FUNCTION = YES;
				GCC_WARN_UNUSED_VARIABLE = YES;
				IPHONEOS_DEPLOYMENT_TARGET = 10.3;
				MTL_ENABLE_DEBUG_INFO = YES;
				ONLY_ACTIVE_ARCH = YES;
				SDKROOT = iphoneos;
				SWIFT_ACTIVE_COMPILATION_CONDITIONS = DEBUG;
				SWIFT_OPTIMIZATION_LEVEL = "-Onone";
				TARGETED_DEVICE_FAMILY = "1,2";
			};
			name = Debug;
		};
		2B4881601EF6056B0098BA0F /* Release */ = {
			isa = XCBuildConfiguration;
			buildSettings = {
				ALWAYS_SEARCH_USER_PATHS = NO;
				CLANG_ANALYZER_NONNULL = YES;
				CLANG_ANALYZER_NUMBER_OBJECT_CONVERSION = YES_AGGRESSIVE;
				CLANG_CXX_LANGUAGE_STANDARD = "gnu++0x";
				CLANG_CXX_LIBRARY = "libc++";
				CLANG_ENABLE_MODULES = YES;
				CLANG_ENABLE_OBJC_ARC = YES;
				CLANG_WARN_BOOL_CONVERSION = YES;
				CLANG_WARN_CONSTANT_CONVERSION = YES;
				CLANG_WARN_DIRECT_OBJC_ISA_USAGE = YES_ERROR;
				CLANG_WARN_DOCUMENTATION_COMMENTS = YES;
				CLANG_WARN_EMPTY_BODY = YES;
				CLANG_WARN_ENUM_CONVERSION = YES;
				CLANG_WARN_INFINITE_RECURSION = YES;
				CLANG_WARN_INT_CONVERSION = YES;
				CLANG_WARN_OBJC_ROOT_CLASS = YES_ERROR;
				CLANG_WARN_SUSPICIOUS_MOVE = YES;
				CLANG_WARN_UNREACHABLE_CODE = YES;
				CLANG_WARN__DUPLICATE_METHOD_MATCH = YES;
				"CODE_SIGN_IDENTITY[sdk=iphoneos*]" = "iPhone Developer";
				COPY_PHASE_STRIP = NO;
				DEBUG_INFORMATION_FORMAT = "dwarf-with-dsym";
				ENABLE_NS_ASSERTIONS = NO;
				ENABLE_STRICT_OBJC_MSGSEND = YES;
				GCC_C_LANGUAGE_STANDARD = gnu99;
				GCC_NO_COMMON_BLOCKS = YES;
				GCC_WARN_64_TO_32_BIT_CONVERSION = YES;
				GCC_WARN_ABOUT_RETURN_TYPE = YES_ERROR;
				GCC_WARN_UNDECLARED_SELECTOR = YES;
				GCC_WARN_UNINITIALIZED_AUTOS = YES_AGGRESSIVE;
				GCC_WARN_UNUSED_FUNCTION = YES;
				GCC_WARN_UNUSED_VARIABLE = YES;
				IPHONEOS_DEPLOYMENT_TARGET = 10.3;
				MTL_ENABLE_DEBUG_INFO = NO;
				SDKROOT = iphoneos;
				SWIFT_OPTIMIZATION_LEVEL = "-Owholemodule";
				TARGETED_DEVICE_FAMILY = "1,2";
				VALIDATE_PRODUCT = YES;
			};
			name = Release;
		};
		2B4881621EF6056B0098BA0F /* Debug */ = {
			isa = XCBuildConfiguration;
			buildSettings = {
				ASSETCATALOG_COMPILER_APPICON_NAME = AppIcon;
				INFOPLIST_FILE = MultiplePickerViewTest/Info.plist;
				LD_RUNPATH_SEARCH_PATHS = "$(inherited) @executable_path/Frameworks";
				PRODUCT_BUNDLE_IDENTIFIER = terryyamg.MultiplePickerViewTest;
				PRODUCT_NAME = "$(TARGET_NAME)";
				SWIFT_VERSION = 3.0;
			};
			name = Debug;
		};
		2B4881631EF6056B0098BA0F /* Release */ = {
			isa = XCBuildConfiguration;
			buildSettings = {
				ASSETCATALOG_COMPILER_APPICON_NAME = AppIcon;
				INFOPLIST_FILE = MultiplePickerViewTest/Info.plist;
				LD_RUNPATH_SEARCH_PATHS = "$(inherited) @executable_path/Frameworks";
				PRODUCT_BUNDLE_IDENTIFIER = terryyamg.MultiplePickerViewTest;
				PRODUCT_NAME = "$(TARGET_NAME)";
				SWIFT_VERSION = 3.0;
			};
			name = Release;
		};
		2B4881651EF6056B0098BA0F /* Debug */ = {
			isa = XCBuildConfiguration;
			buildSettings = {
				ALWAYS_EMBED_SWIFT_STANDARD_LIBRARIES = YES;
				BUNDLE_LOADER = "$(TEST_HOST)";
				INFOPLIST_FILE = MultiplePickerViewTestTests/Info.plist;
				LD_RUNPATH_SEARCH_PATHS = "$(inherited) @executable_path/Frameworks @loader_path/Frameworks";
				PRODUCT_BUNDLE_IDENTIFIER = terryyamg.MultiplePickerViewTestTests;
				PRODUCT_NAME = "$(TARGET_NAME)";
				SWIFT_VERSION = 3.0;
				TEST_HOST = "$(BUILT_PRODUCTS_DIR)/MultiplePickerViewTest.app/MultiplePickerViewTest";
			};
			name = Debug;
		};
		2B4881661EF6056B0098BA0F /* Release */ = {
			isa = XCBuildConfiguration;
			buildSettings = {
				ALWAYS_EMBED_SWIFT_STANDARD_LIBRARIES = YES;
				BUNDLE_LOADER = "$(TEST_HOST)";
				INFOPLIST_FILE = MultiplePickerViewTestTests/Info.plist;
				LD_RUNPATH_SEARCH_PATHS = "$(inherited) @executable_path/Frameworks @loader_path/Frameworks";
				PRODUCT_BUNDLE_IDENTIFIER = terryyamg.MultiplePickerViewTestTests;
				PRODUCT_NAME = "$(TARGET_NAME)";
				SWIFT_VERSION = 3.0;
				TEST_HOST = "$(BUILT_PRODUCTS_DIR)/MultiplePickerViewTest.app/MultiplePickerViewTest";
			};
			name = Release;
		};
		2B4881681EF6056B0098BA0F /* Debug */ = {
			isa = XCBuildConfiguration;
			buildSettings = {
				ALWAYS_EMBED_SWIFT_STANDARD_LIBRARIES = YES;
				INFOPLIST_FILE = MultiplePickerViewTestUITests/Info.plist;
				LD_RUNPATH_SEARCH_PATHS = "$(inherited) @executable_path/Frameworks @loader_path/Frameworks";
				PRODUCT_BUNDLE_IDENTIFIER = terryyamg.MultiplePickerViewTestUITests;
				PRODUCT_NAME = "$(TARGET_NAME)";
				SWIFT_VERSION = 3.0;
				TEST_TARGET_NAME = MultiplePickerViewTest;
			};
			name = Debug;
		};
		2B4881691EF6056B0098BA0F /* Release */ = {
			isa = XCBuildConfiguration;
			buildSettings = {
				ALWAYS_EMBED_SWIFT_STANDARD_LIBRARIES = YES;
				INFOPLIST_FILE = MultiplePickerViewTestUITests/Info.plist;
				LD_RUNPATH_SEARCH_PATHS = "$(inherited) @executable_path/Frameworks @loader_path/Frameworks";
				PRODUCT_BUNDLE_IDENTIFIER = terryyamg.MultiplePickerViewTestUITests;
				PRODUCT_NAME = "$(TARGET_NAME)";
				SWIFT_VERSION = 3.0;
				TEST_TARGET_NAME = MultiplePickerViewTest;
			};
			name = Release;
		};
/* End XCBuildConfiguration section */

/* Begin XCConfigurationList section */
		2B4881341EF6056B0098BA0F /* Build configuration list for PBXProject "MultiplePickerViewTest" */ = {
			isa = XCConfigurationList;
			buildConfigurations = (
				2B48815F1EF6056B0098BA0F /* Debug */,
				2B4881601EF6056B0098BA0F /* Release */,
			);
			defaultConfigurationIsVisible = 0;
			defaultConfigurationName = Release;
		};
		2B4881611EF6056B0098BA0F /* Build configuration list for PBXNativeTarget "MultiplePickerViewTest" */ = {
			isa = XCConfigurationList;
			buildConfigurations = (
				2B4881621EF6056B0098BA0F /* Debug */,
				2B4881631EF6056B0098BA0F /* Release */,
			);
			defaultConfigurationIsVisible = 0;
		};
		2B4881641EF6056B0098BA0F /* Build configuration list for PBXNativeTarget "MultiplePickerViewTestTests" */ = {
			isa = XCConfigurationList;
			buildConfigurations = (
				2B4881651EF6056B0098BA0F /* Debug */,
				2B4881661EF6056B0098BA0F /* Release */,
			);
			defaultConfigurationIsVisible = 0;
		};
		2B4881671EF6056B0098BA0F /* Build configuration list for PBXNativeTarget "MultiplePickerViewTestUITests" */ = {
			isa = XCConfigurationList;
			buildConfigurations = (
				2B4881681EF6056B0098BA0F /* Debug */,
				2B4881691EF6056B0098BA0F /* Release */,
			);
			defaultConfigurationIsVisible = 0;
		};
/* End XCConfigurationList section */
	};
	rootObject = 2B4881311EF6056B0098BA0F /* Project object */;
}
